// !$*UTF8*$!
{
	archiveVersion = 1;
	classes = {
	};
	objectVersion = 50;
	objects = {

/* Begin PBXBuildFile section */
		9D4408C7211FF431005E2116 /* AppDelegate.swift in Sources */ = {isa = PBXBuildFile; fileRef = 9D4408C6211FF431005E2116 /* AppDelegate.swift */; };
		9D4408CC211FF431005E2116 /* Main.storyboard in Resources */ = {isa = PBXBuildFile; fileRef = 9D4408CA211FF431005E2116 /* Main.storyboard */; };
		9D4408CE211FF434005E2116 /* Assets.xcassets in Resources */ = {isa = PBXBuildFile; fileRef = 9D4408CD211FF434005E2116 /* Assets.xcassets */; };
		9D4408D1211FF434005E2116 /* LaunchScreen.storyboard in Resources */ = {isa = PBXBuildFile; fileRef = 9D4408CF211FF434005E2116 /* LaunchScreen.storyboard */; };
		9D4408DD211FF51C005E2116 /* Tasks.xcdatamodeld in Sources */ = {isa = PBXBuildFile; fileRef = 9D4408DB211FF51C005E2116 /* Tasks.xcdatamodeld */; };
		9D4408DF211FF67E005E2116 /* Task+Convenience.swift in Sources */ = {isa = PBXBuildFile; fileRef = 9D4408DE211FF67E005E2116 /* Task+Convenience.swift */; };
		9D4408E1211FF6A0005E2116 /* CoreDataStack.swift in Sources */ = {isa = PBXBuildFile; fileRef = 9D4408E0211FF6A0005E2116 /* CoreDataStack.swift */; };
		9D4408E3211FF752005E2116 /* TasksTableViewController.swift in Sources */ = {isa = PBXBuildFile; fileRef = 9D4408E2211FF752005E2116 /* TasksTableViewController.swift */; };
		9D4408E5211FF7CC005E2116 /* TaskDetailViewController.swift in Sources */ = {isa = PBXBuildFile; fileRef = 9D4408E4211FF7CC005E2116 /* TaskDetailViewController.swift */; };
		9D70DFF921248F8E006D4DF5 /* TaskController.swift in Sources */ = {isa = PBXBuildFile; fileRef = 9D70DFF821248F8E006D4DF5 /* TaskController.swift */; };
		9D70DFFC21249442006D4DF5 /* TaskRepresentation.swift in Sources */ = {isa = PBXBuildFile; fileRef = 9D70DFFB21249442006D4DF5 /* TaskRepresentation.swift */; };
		BB62C48221FF9AEE006BF1ED /* Otto.ttf in Resources */ = {isa = PBXBuildFile; fileRef = BB62C48121FF9AEE006BF1ED /* Otto.ttf */; };
		BB62C48421FF9D27006BF1ED /* AppearanceHelper.swift in Sources */ = {isa = PBXBuildFile; fileRef = BB62C48321FF9D27006BF1ED /* AppearanceHelper.swift */; };
/* End PBXBuildFile section */

/* Begin PBXFileReference section */
		9D4408C3211FF431005E2116 /* Tasks.app */ = {isa = PBXFileReference; explicitFileType = wrapper.application; includeInIndex = 0; path = Tasks.app; sourceTree = BUILT_PRODUCTS_DIR; };
		9D4408C6211FF431005E2116 /* AppDelegate.swift */ = {isa = PBXFileReference; lastKnownFileType = sourcecode.swift; path = AppDelegate.swift; sourceTree = "<group>"; };
		9D4408CB211FF431005E2116 /* Base */ = {isa = PBXFileReference; lastKnownFileType = file.storyboard; name = Base; path = Base.lproj/Main.storyboard; sourceTree = "<group>"; };
		9D4408CD211FF434005E2116 /* Assets.xcassets */ = {isa = PBXFileReference; lastKnownFileType = folder.assetcatalog; path = Assets.xcassets; sourceTree = "<group>"; };
		9D4408D0211FF434005E2116 /* Base */ = {isa = PBXFileReference; lastKnownFileType = file.storyboard; name = Base; path = Base.lproj/LaunchScreen.storyboard; sourceTree = "<group>"; };
		9D4408D2211FF434005E2116 /* Info.plist */ = {isa = PBXFileReference; lastKnownFileType = text.plist.xml; path = Info.plist; sourceTree = "<group>"; };
		9D4408DC211FF51C005E2116 /* Tasks.xcdatamodel */ = {isa = PBXFileReference; lastKnownFileType = wrapper.xcdatamodel; path = Tasks.xcdatamodel; sourceTree = "<group>"; };
		9D4408DE211FF67E005E2116 /* Task+Convenience.swift */ = {isa = PBXFileReference; lastKnownFileType = sourcecode.swift; path = "Task+Convenience.swift"; sourceTree = "<group>"; };
		9D4408E0211FF6A0005E2116 /* CoreDataStack.swift */ = {isa = PBXFileReference; lastKnownFileType = sourcecode.swift; path = CoreDataStack.swift; sourceTree = "<group>"; };
		9D4408E2211FF752005E2116 /* TasksTableViewController.swift */ = {isa = PBXFileReference; lastKnownFileType = sourcecode.swift; path = TasksTableViewController.swift; sourceTree = "<group>"; };
		9D4408E4211FF7CC005E2116 /* TaskDetailViewController.swift */ = {isa = PBXFileReference; lastKnownFileType = sourcecode.swift; path = TaskDetailViewController.swift; sourceTree = "<group>"; };
		9D4408E92121410A005E2116 /* Tasks 2.xcdatamodel */ = {isa = PBXFileReference; lastKnownFileType = wrapper.xcdatamodel; path = "Tasks 2.xcdatamodel"; sourceTree = "<group>"; };
		9D70DFF821248F8E006D4DF5 /* TaskController.swift */ = {isa = PBXFileReference; lastKnownFileType = sourcecode.swift; path = TaskController.swift; sourceTree = "<group>"; };
		9D70DFFA21249145006D4DF5 /* Tasks 3.xcdatamodel */ = {isa = PBXFileReference; lastKnownFileType = wrapper.xcdatamodel; path = "Tasks 3.xcdatamodel"; sourceTree = "<group>"; };
		9D70DFFB21249442006D4DF5 /* TaskRepresentation.swift */ = {isa = PBXFileReference; lastKnownFileType = sourcecode.swift; path = TaskRepresentation.swift; sourceTree = "<group>"; };
		BB62C48121FF9AEE006BF1ED /* Otto.ttf */ = {isa = PBXFileReference; lastKnownFileType = file; path = Otto.ttf; sourceTree = "<group>"; };
		BB62C48321FF9D27006BF1ED /* AppearanceHelper.swift */ = {isa = PBXFileReference; lastKnownFileType = sourcecode.swift; path = AppearanceHelper.swift; sourceTree = "<group>"; };
/* End PBXFileReference section */

/* Begin PBXFrameworksBuildPhase section */
		9D4408C0211FF431005E2116 /* Frameworks */ = {
			isa = PBXFrameworksBuildPhase;
			buildActionMask = 2147483647;
			files = (
			);
			runOnlyForDeploymentPostprocessing = 0;
		};
/* End PBXFrameworksBuildPhase section */

/* Begin PBXGroup section */
		9D4408BA211FF430005E2116 = {
			isa = PBXGroup;
			children = (
				9D4408C5211FF431005E2116 /* Tasks */,
				9D4408C4211FF431005E2116 /* Products */,
			);
			sourceTree = "<group>";
		};
		9D4408C4211FF431005E2116 /* Products */ = {
			isa = PBXGroup;
			children = (
				9D4408C3211FF431005E2116 /* Tasks.app */,
			);
			name = Products;
			sourceTree = "<group>";
		};
		9D4408C5211FF431005E2116 /* Tasks */ = {
			isa = PBXGroup;
			children = (
				9D4408C6211FF431005E2116 /* AppDelegate.swift */,
				9D4408D9211FF4EA005E2116 /* Model */,
				9D4408E6211FF988005E2116 /* Model Controllers */,
				9D4408DA211FF50D005E2116 /* View Controllers */,
				9D4408D8211FF4BA005E2116 /* Resources */,
			);
			path = Tasks;
			sourceTree = "<group>";
		};
		9D4408D8211FF4BA005E2116 /* Resources */ = {
			isa = PBXGroup;
			children = (
				BB62C48321FF9D27006BF1ED /* AppearanceHelper.swift */,
				9D4408CA211FF431005E2116 /* Main.storyboard */,
				BB62C48121FF9AEE006BF1ED /* Otto.ttf */,
				9D4408CD211FF434005E2116 /* Assets.xcassets */,
				9D4408CF211FF434005E2116 /* LaunchScreen.storyboard */,
				9D4408D2211FF434005E2116 /* Info.plist */,
			);
			path = Resources;
			sourceTree = "<group>";
		};
		9D4408D9211FF4EA005E2116 /* Model */ = {
			isa = PBXGroup;
			children = (
				9D4408DB211FF51C005E2116 /* Tasks.xcdatamodeld */,
				9D4408E0211FF6A0005E2116 /* CoreDataStack.swift */,
				9D4408DE211FF67E005E2116 /* Task+Convenience.swift */,
				9D70DFFB21249442006D4DF5 /* TaskRepresentation.swift */,
			);
			path = Model;
			sourceTree = "<group>";
		};
		9D4408DA211FF50D005E2116 /* View Controllers */ = {
			isa = PBXGroup;
			children = (
				9D4408E2211FF752005E2116 /* TasksTableViewController.swift */,
				9D4408E4211FF7CC005E2116 /* TaskDetailViewController.swift */,
			);
			path = "View Controllers";
			sourceTree = "<group>";
		};
		9D4408E6211FF988005E2116 /* Model Controllers */ = {
			isa = PBXGroup;
			children = (
				9D70DFF821248F8E006D4DF5 /* TaskController.swift */,
			);
			path = "Model Controllers";
			sourceTree = "<group>";
		};
/* End PBXGroup section */

/* Begin PBXNativeTarget section */
		9D4408C2211FF431005E2116 /* Tasks */ = {
			isa = PBXNativeTarget;
			buildConfigurationList = 9D4408D5211FF434005E2116 /* Build configuration list for PBXNativeTarget "Tasks" */;
			buildPhases = (
				9D4408BF211FF431005E2116 /* Sources */,
				9D4408C0211FF431005E2116 /* Frameworks */,
				9D4408C1211FF431005E2116 /* Resources */,
			);
			buildRules = (
			);
			dependencies = (
			);
			name = Tasks;
			productName = Tasks;
			productReference = 9D4408C3211FF431005E2116 /* Tasks.app */;
			productType = "com.apple.product-type.application";
		};
/* End PBXNativeTarget section */

/* Begin PBXProject section */
		9D4408BB211FF430005E2116 /* Project object */ = {
			isa = PBXProject;
			attributes = {
				LastSwiftUpdateCheck = 0940;
				LastUpgradeCheck = 0940;
				ORGANIZATIONNAME = "Andrew R Madsen";
				TargetAttributes = {
					9D4408C2211FF431005E2116 = {
						CreatedOnToolsVersion = 9.4;
					};
				};
			};
			buildConfigurationList = 9D4408BE211FF430005E2116 /* Build configuration list for PBXProject "Tasks" */;
			compatibilityVersion = "Xcode 9.3";
			developmentRegion = en;
			hasScannedForEncodings = 0;
			knownRegions = (
				en,
				Base,
			);
			mainGroup = 9D4408BA211FF430005E2116;
			productRefGroup = 9D4408C4211FF431005E2116 /* Products */;
			projectDirPath = "";
			projectRoot = "";
			targets = (
				9D4408C2211FF431005E2116 /* Tasks */,
			);
		};
/* End PBXProject section */

/* Begin PBXResourcesBuildPhase section */
		9D4408C1211FF431005E2116 /* Resources */ = {
			isa = PBXResourcesBuildPhase;
			buildActionMask = 2147483647;
			files = (
				9D4408D1211FF434005E2116 /* LaunchScreen.storyboard in Resources */,
				9D4408CE211FF434005E2116 /* Assets.xcassets in Resources */,
				BB62C48221FF9AEE006BF1ED /* Otto.ttf in Resources */,
				9D4408CC211FF431005E2116 /* Main.storyboard in Resources */,
			);
			runOnlyForDeploymentPostprocessing = 0;
		};
/* End PBXResourcesBuildPhase section */

/* Begin PBXSourcesBuildPhase section */
		9D4408BF211FF431005E2116 /* Sources */ = {
			isa = PBXSourcesBuildPhase;
			buildActionMask = 2147483647;
			files = (
				9D70DFF921248F8E006D4DF5 /* TaskController.swift in Sources */,
				9D70DFFC21249442006D4DF5 /* TaskRepresentation.swift in Sources */,
				BB62C48421FF9D27006BF1ED /* AppearanceHelper.swift in Sources */,
				9D4408E5211FF7CC005E2116 /* TaskDetailViewController.swift in Sources */,
				9D4408DD211FF51C005E2116 /* Tasks.xcdatamodeld in Sources */,
				9D4408E3211FF752005E2116 /* TasksTableViewController.swift in Sources */,
				9D4408C7211FF431005E2116 /* AppDelegate.swift in Sources */,
				9D4408DF211FF67E005E2116 /* Task+Convenience.swift in Sources */,
				9D4408E1211FF6A0005E2116 /* CoreDataStack.swift in Sources */,
			);
			runOnlyForDeploymentPostprocessing = 0;
		};
/* End PBXSourcesBuildPhase section */

/* Begin PBXVariantGroup section */
		9D4408CA211FF431005E2116 /* Main.storyboard */ = {
			isa = PBXVariantGroup;
			children = (
				9D4408CB211FF431005E2116 /* Base */,
			);
			name = Main.storyboard;
			sourceTree = "<group>";
		};
		9D4408CF211FF434005E2116 /* LaunchScreen.storyboard */ = {
			isa = PBXVariantGroup;
			children = (
				9D4408D0211FF434005E2116 /* Base */,
			);
			name = LaunchScreen.storyboard;
			sourceTree = "<group>";
		};
/* End PBXVariantGroup section */

/* Begin XCBuildConfiguration section */
		9D4408D3211FF434005E2116 /* Debug */ = {
			isa = XCBuildConfiguration;
			buildSettings = {
				ALWAYS_SEARCH_USER_PATHS = NO;
				CLANG_ANALYZER_NONNULL = YES;
				CLANG_ANALYZER_NUMBER_OBJECT_CONVERSION = YES_AGGRESSIVE;
				CLANG_CXX_LANGUAGE_STANDARD = "gnu++14";
				CLANG_CXX_LIBRARY = "libc++";
				CLANG_ENABLE_MODULES = YES;
				CLANG_ENABLE_OBJC_ARC = YES;
				CLANG_ENABLE_OBJC_WEAK = YES;
				CLANG_WARN_BLOCK_CAPTURE_AUTORELEASING = YES;
				CLANG_WARN_BOOL_CONVERSION = YES;
				CLANG_WARN_COMMA = YES;
				CLANG_WARN_CONSTANT_CONVERSION = YES;
				CLANG_WARN_DEPRECATED_OBJC_IMPLEMENTATIONS = YES;
				CLANG_WARN_DIRECT_OBJC_ISA_USAGE = YES_ERROR;
				CLANG_WARN_DOCUMENTATION_COMMENTS = YES;
				CLANG_WARN_EMPTY_BODY = YES;
				CLANG_WARN_ENUM_CONVERSION = YES;
				CLANG_WARN_INFINITE_RECURSION = YES;
				CLANG_WARN_INT_CONVERSION = YES;
				CLANG_WARN_NON_LITERAL_NULL_CONVERSION = YES;
				CLANG_WARN_OBJC_IMPLICIT_RETAIN_SELF = YES;
				CLANG_WARN_OBJC_LITERAL_CONVERSION = YES;
				CLANG_WARN_OBJC_ROOT_CLASS = YES_ERROR;
				CLANG_WARN_RANGE_LOOP_ANALYSIS = YES;
				CLANG_WARN_STRICT_PROTOTYPES = YES;
				CLANG_WARN_SUSPICIOUS_MOVE = YES;
				CLANG_WARN_UNGUARDED_AVAILABILITY = YES_AGGRESSIVE;
				CLANG_WARN_UNREACHABLE_CODE = YES;
				CLANG_WARN__DUPLICATE_METHOD_MATCH = YES;
				CODE_SIGN_IDENTITY = "iPhone Developer";
				COPY_PHASE_STRIP = NO;
				DEBUG_INFORMATION_FORMAT = dwarf;
				ENABLE_STRICT_OBJC_MSGSEND = YES;
				ENABLE_TESTABILITY = YES;
				GCC_C_LANGUAGE_STANDARD = gnu11;
				GCC_DYNAMIC_NO_PIC = NO;
				GCC_NO_COMMON_BLOCKS = YES;
				GCC_OPTIMIZATION_LEVEL = 0;
				GCC_PREPROCESSOR_DEFINITIONS = (
					"DEBUG=1",
					"$(inherited)",
				);
				GCC_WARN_64_TO_32_BIT_CONVERSION = YES;
				GCC_WARN_ABOUT_RETURN_TYPE = YES_ERROR;
				GCC_WARN_UNDECLARED_SELECTOR = YES;
				GCC_WARN_UNINITIALIZED_AUTOS = YES_AGGRESSIVE;
				GCC_WARN_UNUSED_FUNCTION = YES;
				GCC_WARN_UNUSED_VARIABLE = YES;
				IPHONEOS_DEPLOYMENT_TARGET = 11.4;
				MTL_ENABLE_DEBUG_INFO = YES;
				ONLY_ACTIVE_ARCH = YES;
				SDKROOT = iphoneos;
				SWIFT_ACTIVE_COMPILATION_CONDITIONS = DEBUG;
				SWIFT_OPTIMIZATION_LEVEL = "-Onone";
			};
			name = Debug;
		};
		9D4408D4211FF434005E2116 /* Release */ = {
			isa = XCBuildConfiguration;
			buildSettings = {
				ALWAYS_SEARCH_USER_PATHS = NO;
				CLANG_ANALYZER_NONNULL = YES;
				CLANG_ANALYZER_NUMBER_OBJECT_CONVERSION = YES_AGGRESSIVE;
				CLANG_CXX_LANGUAGE_STANDARD = "gnu++14";
				CLANG_CXX_LIBRARY = "libc++";
				CLANG_ENABLE_MODULES = YES;
				CLANG_ENABLE_OBJC_ARC = YES;
				CLANG_ENABLE_OBJC_WEAK = YES;
				CLANG_WARN_BLOCK_CAPTURE_AUTORELEASING = YES;
				CLANG_WARN_BOOL_CONVERSION = YES;
				CLANG_WARN_COMMA = YES;
				CLANG_WARN_CONSTANT_CONVERSION = YES;
				CLANG_WARN_DEPRECATED_OBJC_IMPLEMENTATIONS = YES;
				CLANG_WARN_DIRECT_OBJC_ISA_USAGE = YES_ERROR;
				CLANG_WARN_DOCUMENTATION_COMMENTS = YES;
				CLANG_WARN_EMPTY_BODY = YES;
				CLANG_WARN_ENUM_CONVERSION = YES;
				CLANG_WARN_INFINITE_RECURSION = YES;
				CLANG_WARN_INT_CONVERSION = YES;
				CLANG_WARN_NON_LITERAL_NULL_CONVERSION = YES;
				CLANG_WARN_OBJC_IMPLICIT_RETAIN_SELF = YES;
				CLANG_WARN_OBJC_LITERAL_CONVERSION = YES;
				CLANG_WARN_OBJC_ROOT_CLASS = YES_ERROR;
				CLANG_WARN_RANGE_LOOP_ANALYSIS = YES;
				CLANG_WARN_STRICT_PROTOTYPES = YES;
				CLANG_WARN_SUSPICIOUS_MOVE = YES;
				CLANG_WARN_UNGUARDED_AVAILABILITY = YES_AGGRESSIVE;
				CLANG_WARN_UNREACHABLE_CODE = YES;
				CLANG_WARN__DUPLICATE_METHOD_MATCH = YES;
				CODE_SIGN_IDENTITY = "iPhone Developer";
				COPY_PHASE_STRIP = NO;
				DEBUG_INFORMATION_FORMAT = "dwarf-with-dsym";
				ENABLE_NS_ASSERTIONS = NO;
				ENABLE_STRICT_OBJC_MSGSEND = YES;
				GCC_C_LANGUAGE_STANDARD = gnu11;
				GCC_NO_COMMON_BLOCKS = YES;
				GCC_WARN_64_TO_32_BIT_CONVERSION = YES;
				GCC_WARN_ABOUT_RETURN_TYPE = YES_ERROR;
				GCC_WARN_UNDECLARED_SELECTOR = YES;
				GCC_WARN_UNINITIALIZED_AUTOS = YES_AGGRESSIVE;
				GCC_WARN_UNUSED_FUNCTION = YES;
				GCC_WARN_UNUSED_VARIABLE = YES;
				IPHONEOS_DEPLOYMENT_TARGET = 11.4;
				MTL_ENABLE_DEBUG_INFO = NO;
				SDKROOT = iphoneos;
				SWIFT_COMPILATION_MODE = wholemodule;
				SWIFT_OPTIMIZATION_LEVEL = "-O";
				VALIDATE_PRODUCT = YES;
			};
			name = Release;
		};
		9D4408D6211FF434005E2116 /* Debug */ = {
			isa = XCBuildConfiguration;
			buildSettings = {
				ASSETCATALOG_COMPILER_APPICON_NAME = AppIcon;
				CODE_SIGN_STYLE = Automatic;
				DEVELOPMENT_TEAM = VXUQXR6S56;
				INFOPLIST_FILE = "$(SRCROOT)/Tasks/Resources/Info.plist";
				LD_RUNPATH_SEARCH_PATHS = (
					"$(inherited)",
					"@executable_path/Frameworks",
				);
				PRODUCT_BUNDLE_IDENTIFIER = com.lambdaschool.Tasks;
				PRODUCT_NAME = "$(TARGET_NAME)";
				SWIFT_VERSION = 4.0;
				TARGETED_DEVICE_FAMILY = "1,2";
			};
			name = Debug;
		};
		9D4408D7211FF434005E2116 /* Release */ = {
			isa = XCBuildConfiguration;
			buildSettings = {
				ASSETCATALOG_COMPILER_APPICON_NAME = AppIcon;
				CODE_SIGN_STYLE = Automatic;
				DEVELOPMENT_TEAM = VXUQXR6S56;
				INFOPLIST_FILE = "$(SRCROOT)/Tasks/Resources/Info.plist";
				LD_RUNPATH_SEARCH_PATHS = (
					"$(inherited)",
					"@executable_path/Frameworks",
				);
				PRODUCT_BUNDLE_IDENTIFIER = com.lambdaschool.Tasks;
				PRODUCT_NAME = "$(TARGET_NAME)";
				SWIFT_VERSION = 4.0;
				TARGETED_DEVICE_FAMILY = "1,2";
			};
			name = Release;
		};
/* End XCBuildConfiguration section */

/* Begin XCConfigurationList section */
		9D4408BE211FF430005E2116 /* Build configuration list for PBXProject "Tasks" */ = {
			isa = XCConfigurationList;
			buildConfigurations = (
				9D4408D3211FF434005E2116 /* Debug */,
				9D4408D4211FF434005E2116 /* Release */,
			);
			defaultConfigurationIsVisible = 0;
			defaultConfigurationName = Release;
		};
		9D4408D5211FF434005E2116 /* Build configuration list for PBXNativeTarget "Tasks" */ = {
			isa = XCConfigurationList;
			buildConfigurations = (
				9D4408D6211FF434005E2116 /* Debug */,
				9D4408D7211FF434005E2116 /* Release */,
			);
			defaultConfigurationIsVisible = 0;
			defaultConfigurationName = Release;
		};
/* End XCConfigurationList section */

/* Begin XCVersionGroup section */
		9D4408DB211FF51C005E2116 /* Tasks.xcdatamodeld */ = {
			isa = XCVersionGroup;
			children = (
				9D70DFFA21249145006D4DF5 /* Tasks 3.xcdatamodel */,
				9D4408E92121410A005E2116 /* Tasks 2.xcdatamodel */,
				9D4408DC211FF51C005E2116 /* Tasks.xcdatamodel */,
			);
			currentVersion = 9D70DFFA21249145006D4DF5 /* Tasks 3.xcdatamodel */;
			path = Tasks.xcdatamodeld;
			sourceTree = "<group>";
			versionGroupType = wrapper.xcdatamodel;
		};
/* End XCVersionGroup section */
	};
	rootObject = 9D4408BB211FF430005E2116 /* Project object */;
}
